// !$*UTF8*$!
{
	archiveVersion = 1;
	classes = {
	};
	objectVersion = 46;
	objects = {

/* Begin PBXBuildFile section */
		B20C13DA1E9F06F9003AE278 /* UIProjectStateTableViewCell.m in Sources */ = {isa = PBXBuildFile; fileRef = B20C13D91E9F06F9003AE278 /* UIProjectStateTableViewCell.m */; };
		B20C13DD1E9F094D003AE278 /* EcityCollectionViewCell.m in Sources */ = {isa = PBXBuildFile; fileRef = B20C13DC1E9F094D003AE278 /* EcityCollectionViewCell.m */; };
		B20C13E31E9F09EE003AE278 /* UIProjectStateCollectionViewCell.m in Sources */ = {isa = PBXBuildFile; fileRef = B20C13E21E9F09EE003AE278 /* UIProjectStateCollectionViewCell.m */; };
		B20C13E61E9F13F0003AE278 /* EcityCollectionViewController.m in Sources */ = {isa = PBXBuildFile; fileRef = B20C13E51E9F13F0003AE278 /* EcityCollectionViewController.m */; };
		B20C13E91E9F1426003AE278 /* UIProjectCollectionViewController.m in Sources */ = {isa = PBXBuildFile; fileRef = B20C13E81E9F1426003AE278 /* UIProjectCollectionViewController.m */; };
		B20C13F31E9F2655003AE278 /* EcityCollectionViewFlowLayout.m in Sources */ = {isa = PBXBuildFile; fileRef = B20C13F21E9F2655003AE278 /* EcityCollectionViewFlowLayout.m */; };
		B20C13F61E9F4328003AE278 /* EcityCollectionViewFlowLayoutDelegate.m in Sources */ = {isa = PBXBuildFile; fileRef = B20C13F51E9F4328003AE278 /* EcityCollectionViewFlowLayoutDelegate.m */; };
		B24649921E9CC9D20079FF4D /* main.m in Sources */ = {isa = PBXBuildFile; fileRef = B24649911E9CC9D20079FF4D /* main.m */; };
		B24649951E9CC9D20079FF4D /* AppDelegate.m in Sources */ = {isa = PBXBuildFile; fileRef = B24649941E9CC9D20079FF4D /* AppDelegate.m */; };
		B24649981E9CC9D20079FF4D /* ViewController.m in Sources */ = {isa = PBXBuildFile; fileRef = B24649971E9CC9D20079FF4D /* ViewController.m */; };
		B246499B1E9CC9D20079FF4D /* Main.storyboard in Resources */ = {isa = PBXBuildFile; fileRef = B24649991E9CC9D20079FF4D /* Main.storyboard */; };
		B246499D1E9CC9D20079FF4D /* Assets.xcassets in Resources */ = {isa = PBXBuildFile; fileRef = B246499C1E9CC9D20079FF4D /* Assets.xcassets */; };
		B24649A01E9CC9D20079FF4D /* LaunchScreen.storyboard in Resources */ = {isa = PBXBuildFile; fileRef = B246499E1E9CC9D20079FF4D /* LaunchScreen.storyboard */; };
		B24649AB1E9CC9D20079FF4D /* StackViewTests.m in Sources */ = {isa = PBXBuildFile; fileRef = B24649AA1E9CC9D20079FF4D /* StackViewTests.m */; };
		B24649B61E9CC9D20079FF4D /* StackViewUITests.m in Sources */ = {isa = PBXBuildFile; fileRef = B24649B51E9CC9D20079FF4D /* StackViewUITests.m */; };
		B24649C51E9CCB1A0079FF4D /* EcityTableViewCell.m in Sources */ = {isa = PBXBuildFile; fileRef = B24649C41E9CCB1A0079FF4D /* EcityTableViewCell.m */; };
		B24649CB1E9CCB780079FF4D /* UIProjectListTableViewCell.m in Sources */ = {isa = PBXBuildFile; fileRef = B24649CA1E9CCB780079FF4D /* UIProjectListTableViewCell.m */; };
		B2464A0B1E9CDC470079FF4D /* arrow_d1@2x.png in Resources */ = {isa = PBXBuildFile; fileRef = B24649CD1E9CDC470079FF4D /* arrow_d1@2x.png */; };
		B2464A0C1E9CDC470079FF4D /* arrow_d2@2x.png in Resources */ = {isa = PBXBuildFile; fileRef = B24649CE1E9CDC470079FF4D /* arrow_d2@2x.png */; };
		B2464A0D1E9CDC470079FF4D /* arrow_slt.png in Resources */ = {isa = PBXBuildFile; fileRef = B24649CF1E9CDC470079FF4D /* arrow_slt.png */; };
		B2464A0E1E9CDC470079FF4D /* back@2x.png in Resources */ = {isa = PBXBuildFile; fileRef = B24649D01E9CDC470079FF4D /* back@2x.png */; };
		B2464A0F1E9CDC470079FF4D /* bg@2x.png in Resources */ = {isa = PBXBuildFile; fileRef = B24649D11E9CDC470079FF4D /* bg@2x.png */; };
		B2464A101E9CDC470079FF4D /* bottom_fuj@2x.png in Resources */ = {isa = PBXBuildFile; fileRef = B24649D21E9CDC470079FF4D /* bottom_fuj@2x.png */; };
		B2464A111E9CDC470079FF4D /* bottom_job@2x.png in Resources */ = {isa = PBXBuildFile; fileRef = B24649D31E9CDC470079FF4D /* bottom_job@2x.png */; };
		B2464A121E9CDC470079FF4D /* bottom_per@3x.png in Resources */ = {isa = PBXBuildFile; fileRef = B24649D41E9CDC470079FF4D /* bottom_per@3x.png */; };
		B2464A131E9CDC470079FF4D /* bottom_project@3x.png in Resources */ = {isa = PBXBuildFile; fileRef = B24649D51E9CDC470079FF4D /* bottom_project@3x.png */; };
		B2464A141E9CDC470079FF4D /* bottom_talk@2x.png in Resources */ = {isa = PBXBuildFile; fileRef = B24649D61E9CDC470079FF4D /* bottom_talk@2x.png */; };
		B2464A151E9CDC470079FF4D /* bottom_work@3x.png in Resources */ = {isa = PBXBuildFile; fileRef = B24649D71E9CDC470079FF4D /* bottom_work@3x.png */; };
		B2464A161E9CDC470079FF4D /* btn_login@2x.png in Resources */ = {isa = PBXBuildFile; fileRef = B24649D81E9CDC470079FF4D /* btn_login@2x.png */; };
		B2464A171E9CDC470079FF4D /* call@3x.png in Resources */ = {isa = PBXBuildFile; fileRef = B24649D91E9CDC470079FF4D /* call@3x.png */; };
		B2464A181E9CDC470079FF4D /* choose_sub@2x.png in Resources */ = {isa = PBXBuildFile; fileRef = B24649DA1E9CDC470079FF4D /* choose_sub@2x.png */; };
		B2464A191E9CDC470079FF4D /* choose_top.png in Resources */ = {isa = PBXBuildFile; fileRef = B24649DB1E9CDC470079FF4D /* choose_top.png */; };
		B2464A1A1E9CDC470079FF4D /* fuj2@2x.png in Resources */ = {isa = PBXBuildFile; fileRef = B24649DC1E9CDC470079FF4D /* fuj2@2x.png */; };
		B2464A1B1E9CDC470079FF4D /* fuj@2x.png in Resources */ = {isa = PBXBuildFile; fileRef = B24649DD1E9CDC470079FF4D /* fuj@2x.png */; };
		B2464A1C1E9CDC470079FF4D /* icon_local_01@2x.png in Resources */ = {isa = PBXBuildFile; fileRef = B24649DE1E9CDC470079FF4D /* icon_local_01@2x.png */; };
		B2464A1D1E9CDC470079FF4D /* icon_local_02@2x.png in Resources */ = {isa = PBXBuildFile; fileRef = B24649DF1E9CDC470079FF4D /* icon_local_02@2x.png */; };
		B2464A1E1E9CDC470079FF4D /* icon_logo@3x.png in Resources */ = {isa = PBXBuildFile; fileRef = B24649E01E9CDC470079FF4D /* icon_logo@3x.png */; };
		B2464A1F1E9CDC470079FF4D /* icon_set01@2x.png in Resources */ = {isa = PBXBuildFile; fileRef = B24649E11E9CDC470079FF4D /* icon_set01@2x.png */; };
		B2464A201E9CDC470079FF4D /* inputbox@2x.png in Resources */ = {isa = PBXBuildFile; fileRef = B24649E21E9CDC470079FF4D /* inputbox@2x.png */; };
		B2464A211E9CDC470079FF4D /* job2@2x.png in Resources */ = {isa = PBXBuildFile; fileRef = B24649E31E9CDC470079FF4D /* job2@2x.png */; };
		B2464A221E9CDC470079FF4D /* job@2x.png in Resources */ = {isa = PBXBuildFile; fileRef = B24649E41E9CDC470079FF4D /* job@2x.png */; };
		B2464A231E9CDC470079FF4D /* list_mode@2x.png in Resources */ = {isa = PBXBuildFile; fileRef = B24649E51E9CDC470079FF4D /* list_mode@2x.png */; };
		B2464A241E9CDC470079FF4D /* list_user@2x.png in Resources */ = {isa = PBXBuildFile; fileRef = B24649E61E9CDC470079FF4D /* list_user@2x.png */; };
		B2464A251E9CDC470079FF4D /* local_pot@2x.png in Resources */ = {isa = PBXBuildFile; fileRef = B24649E71E9CDC470079FF4D /* local_pot@2x.png */; };
		B2464A261E9CDC470079FF4D /* logo@2x.png in Resources */ = {isa = PBXBuildFile; fileRef = B24649E81E9CDC470079FF4D /* logo@2x.png */; };
		B2464A271E9CDC470079FF4D /* map_zoom2@2x.png in Resources */ = {isa = PBXBuildFile; fileRef = B24649E91E9CDC470079FF4D /* map_zoom2@2x.png */; };
		B2464A281E9CDC470079FF4D /* map_zoom3@2x.png in Resources */ = {isa = PBXBuildFile; fileRef = B24649EA1E9CDC470079FF4D /* map_zoom3@2x.png */; };
		B2464A291E9CDC470079FF4D /* map_zoom@2x.png in Resources */ = {isa = PBXBuildFile; fileRef = B24649EB1E9CDC470079FF4D /* map_zoom@2x.png */; };
		B2464A2A1E9CDC470079FF4D /* p_qz.png in Resources */ = {isa = PBXBuildFile; fileRef = B24649EC1E9CDC470079FF4D /* p_qz.png */; };
		B2464A2B1E9CDC470079FF4D /* password@2x.png in Resources */ = {isa = PBXBuildFile; fileRef = B24649ED1E9CDC470079FF4D /* password@2x.png */; };
		B2464A2C1E9CDC470079FF4D /* phoneCall.png in Resources */ = {isa = PBXBuildFile; fileRef = B24649EE1E9CDC470079FF4D /* phoneCall.png */; };
		B2464A2D1E9CDC470079FF4D /* photo_mr@3x.jpg in Resources */ = {isa = PBXBuildFile; fileRef = B24649EF1E9CDC470079FF4D /* photo_mr@3x.jpg */; };
		B2464A2E1E9CDC470079FF4D /* project_all2@2x.png in Resources */ = {isa = PBXBuildFile; fileRef = B24649F01E9CDC470079FF4D /* project_all2@2x.png */; };
		B2464A2F1E9CDC470079FF4D /* project_all@2x.png in Resources */ = {isa = PBXBuildFile; fileRef = B24649F11E9CDC470079FF4D /* project_all@2x.png */; };
		B2464A301E9CDC470079FF4D /* project_build@2x.png in Resources */ = {isa = PBXBuildFile; fileRef = B24649F21E9CDC470079FF4D /* project_build@2x.png */; };
		B2464A311E9CDC470079FF4D /* project_land@2x.png in Resources */ = {isa = PBXBuildFile; fileRef = B24649F31E9CDC470079FF4D /* project_land@2x.png */; };
		B2464A321E9CDC470079FF4D /* project_nor@2x.png in Resources */ = {isa = PBXBuildFile; fileRef = B24649F41E9CDC470079FF4D /* project_nor@2x.png */; };
		B2464A331E9CDC470079FF4D /* project_normal@2x.png in Resources */ = {isa = PBXBuildFile; fileRef = B24649F51E9CDC470079FF4D /* project_normal@2x.png */; };
		B2464A341E9CDC470079FF4D /* project_other@2x.png in Resources */ = {isa = PBXBuildFile; fileRef = B24649F61E9CDC470079FF4D /* project_other@2x.png */; };
		B2464A351E9CDC470079FF4D /* project_river@2x.png in Resources */ = {isa = PBXBuildFile; fileRef = B24649F71E9CDC470079FF4D /* project_river@2x.png */; };
		B2464A361E9CDC470079FF4D /* project_road@2x.png in Resources */ = {isa = PBXBuildFile; fileRef = B24649F81E9CDC470079FF4D /* project_road@2x.png */; };
		B2464A371E9CDC470079FF4D /* project_slct@2x.png in Resources */ = {isa = PBXBuildFile; fileRef = B24649F91E9CDC470079FF4D /* project_slct@2x.png */; };
		B2464A381E9CDC470079FF4D /* project_warn@2x.png in Resources */ = {isa = PBXBuildFile; fileRef = B24649FA1E9CDC470079FF4D /* project_warn@2x.png */; };
		B2464A391E9CDC470079FF4D /* project_warnning@2x.png in Resources */ = {isa = PBXBuildFile; fileRef = B24649FB1E9CDC470079FF4D /* project_warnning@2x.png */; };
		B2464A3A1E9CDC470079FF4D /* radio_check@2x.png in Resources */ = {isa = PBXBuildFile; fileRef = B24649FC1E9CDC470079FF4D /* radio_check@2x.png */; };
		B2464A3B1E9CDC470079FF4D /* radio_normal@2x.png in Resources */ = {isa = PBXBuildFile; fileRef = B24649FD1E9CDC470079FF4D /* radio_normal@2x.png */; };
		B2464A3C1E9CDC470079FF4D /* sch_bar@2x.png in Resources */ = {isa = PBXBuildFile; fileRef = B24649FE1E9CDC470079FF4D /* sch_bar@2x.png */; };
		B2464A3D1E9CDC470079FF4D /* sch_icon@2x.png in Resources */ = {isa = PBXBuildFile; fileRef = B24649FF1E9CDC470079FF4D /* sch_icon@2x.png */; };
		B2464A3E1E9CDC470079FF4D /* screen@2x.png in Resources */ = {isa = PBXBuildFile; fileRef = B2464A001E9CDC470079FF4D /* screen@2x.png */; };
		B2464A3F1E9CDC470079FF4D /* tag_01@2x.png in Resources */ = {isa = PBXBuildFile; fileRef = B2464A011E9CDC470079FF4D /* tag_01@2x.png */; };
		B2464A401E9CDC470079FF4D /* tag_02@2x.png in Resources */ = {isa = PBXBuildFile; fileRef = B2464A021E9CDC470079FF4D /* tag_02@2x.png */; };
		B2464A411E9CDC470079FF4D /* tag_03@2x.png in Resources */ = {isa = PBXBuildFile; fileRef = B2464A031E9CDC470079FF4D /* tag_03@2x.png */; };
		B2464A421E9CDC470079FF4D /* tag_04@2x.png in Resources */ = {isa = PBXBuildFile; fileRef = B2464A041E9CDC470079FF4D /* tag_04@2x.png */; };
		B2464A431E9CDC470079FF4D /* talk2@2x.png in Resources */ = {isa = PBXBuildFile; fileRef = B2464A051E9CDC470079FF4D /* talk2@2x.png */; };
		B2464A441E9CDC470079FF4D /* talk@2x.png in Resources */ = {isa = PBXBuildFile; fileRef = B2464A061E9CDC470079FF4D /* talk@2x.png */; };
		B2464A451E9CDC470079FF4D /* tools@2x.png in Resources */ = {isa = PBXBuildFile; fileRef = B2464A071E9CDC470079FF4D /* tools@2x.png */; };
		B2464A461E9CDC470079FF4D /* user@2x.png in Resources */ = {isa = PBXBuildFile; fileRef = B2464A081E9CDC470079FF4D /* user@2x.png */; };
		B2464A471E9CDC470079FF4D /* worker@3x.png in Resources */ = {isa = PBXBuildFile; fileRef = B2464A091E9CDC470079FF4D /* worker@3x.png */; };
		B2464A481E9CDC470079FF4D /* 未读@2x.png in Resources */ = {isa = PBXBuildFile; fileRef = B2464A0A1E9CDC470079FF4D /* 未读@2x.png */; };
		B2464A4B1E9CE05A0079FF4D /* EcityLabel.m in Sources */ = {isa = PBXBuildFile; fileRef = B2464A4A1E9CE05A0079FF4D /* EcityLabel.m */; };
		B2464A4E1E9CE07C0079FF4D /* UIProjectLabel.m in Sources */ = {isa = PBXBuildFile; fileRef = B2464A4D1E9CE07C0079FF4D /* UIProjectLabel.m */; };
		B2464A511E9CEB8A0079FF4D /* EcityViewController.m in Sources */ = {isa = PBXBuildFile; fileRef = B2464A501E9CEB8A0079FF4D /* EcityViewController.m */; };
		B2464A541E9CEBBE0079FF4D /* UIProjectStateViewController.m in Sources */ = {isa = PBXBuildFile; fileRef = B2464A531E9CEBBE0079FF4D /* UIProjectStateViewController.m */; };
		B2632C1C1EA06A2E0095F9E4 /* EcityTableViewCardView.m in Sources */ = {isa = PBXBuildFile; fileRef = B2632C1B1EA06A2E0095F9E4 /* EcityTableViewCardView.m */; };
		B26A991F1E9E08CF0042E5FB /* UIMessageListViewController.m in Sources */ = {isa = PBXBuildFile; fileRef = B26A991E1E9E08CF0042E5FB /* UIMessageListViewController.m */; };
		B26A99231E9E0D600042E5FB /* WToast.m in Sources */ = {isa = PBXBuildFile; fileRef = B26A99221E9E0D600042E5FB /* WToast.m */; };
/* End PBXBuildFile section */

/* Begin PBXContainerItemProxy section */
		B24649A71E9CC9D20079FF4D /* PBXContainerItemProxy */ = {
			isa = PBXContainerItemProxy;
			containerPortal = B24649851E9CC9D20079FF4D /* Project object */;
			proxyType = 1;
			remoteGlobalIDString = B246498C1E9CC9D20079FF4D;
			remoteInfo = StackView;
		};
		B24649B21E9CC9D20079FF4D /* PBXContainerItemProxy */ = {
			isa = PBXContainerItemProxy;
			containerPortal = B24649851E9CC9D20079FF4D /* Project object */;
			proxyType = 1;
			remoteGlobalIDString = B246498C1E9CC9D20079FF4D;
			remoteInfo = StackView;
		};
/* End PBXContainerItemProxy section */

/* Begin PBXFileReference section */
		B20C13D81E9F06F9003AE278 /* UIProjectStateTableViewCell.h */ = {isa = PBXFileReference; fileEncoding = 4; lastKnownFileType = sourcecode.c.h; name = UIProjectStateTableViewCell.h; path = ../UIProjectStateTableViewCell.h; sourceTree = "<group>"; };
		B20C13D91E9F06F9003AE278 /* UIProjectStateTableViewCell.m */ = {isa = PBXFileReference; fileEncoding = 4; lastKnownFileType = sourcecode.c.objc; name = UIProjectStateTableViewCell.m; path = ../UIProjectStateTableViewCell.m; sourceTree = "<group>"; };
		B20C13DB1E9F094D003AE278 /* EcityCollectionViewCell.h */ = {isa = PBXFileReference; fileEncoding = 4; lastKnownFileType = sourcecode.c.h; name = EcityCollectionViewCell.h; path = ../Image/EcityCollectionViewCell.h; sourceTree = "<group>"; };
		B20C13DC1E9F094D003AE278 /* EcityCollectionViewCell.m */ = {isa = PBXFileReference; fileEncoding = 4; lastKnownFileType = sourcecode.c.objc; name = EcityCollectionViewCell.m; path = ../Image/EcityCollectionViewCell.m; sourceTree = "<group>"; };
		B20C13E11E9F09EE003AE278 /* UIProjectStateCollectionViewCell.h */ = {isa = PBXFileReference; fileEncoding = 4; lastKnownFileType = sourcecode.c.h; name = UIProjectStateCollectionViewCell.h; path = ../UIProjectStateCollectionViewCell.h; sourceTree = "<group>"; };
		B20C13E21E9F09EE003AE278 /* UIProjectStateCollectionViewCell.m */ = {isa = PBXFileReference; fileEncoding = 4; lastKnownFileType = sourcecode.c.objc; name = UIProjectStateCollectionViewCell.m; path = ../UIProjectStateCollectionViewCell.m; sourceTree = "<group>"; };
		B20C13E41E9F13F0003AE278 /* EcityCollectionViewController.h */ = {isa = PBXFileReference; fileEncoding = 4; lastKnownFileType = sourcecode.c.h; name = EcityCollectionViewController.h; path = ../EcityCollectionViewController.h; sourceTree = "<group>"; };
		B20C13E51E9F13F0003AE278 /* EcityCollectionViewController.m */ = {isa = PBXFileReference; fileEncoding = 4; lastKnownFileType = sourcecode.c.objc; name = EcityCollectionViewController.m; path = ../EcityCollectionViewController.m; sourceTree = "<group>"; };
		B20C13E71E9F1426003AE278 /* UIProjectCollectionViewController.h */ = {isa = PBXFileReference; fileEncoding = 4; lastKnownFileType = sourcecode.c.h; name = UIProjectCollectionViewController.h; path = ../UIProjectCollectionViewController.h; sourceTree = "<group>"; };
		B20C13E81E9F1426003AE278 /* UIProjectCollectionViewController.m */ = {isa = PBXFileReference; fileEncoding = 4; lastKnownFileType = sourcecode.c.objc; name = UIProjectCollectionViewController.m; path = ../UIProjectCollectionViewController.m; sourceTree = "<group>"; };
		B20C13F11E9F2655003AE278 /* EcityCollectionViewFlowLayout.h */ = {isa = PBXFileReference; fileEncoding = 4; lastKnownFileType = sourcecode.c.h; path = EcityCollectionViewFlowLayout.h; sourceTree = "<group>"; };
		B20C13F21E9F2655003AE278 /* EcityCollectionViewFlowLayout.m */ = {isa = PBXFileReference; fileEncoding = 4; lastKnownFileType = sourcecode.c.objc; path = EcityCollectionViewFlowLayout.m; sourceTree = "<group>"; };
		B20C13F41E9F4328003AE278 /* EcityCollectionViewFlowLayoutDelegate.h */ = {isa = PBXFileReference; fileEncoding = 4; lastKnownFileType = sourcecode.c.h; path = EcityCollectionViewFlowLayoutDelegate.h; sourceTree = "<group>"; };
		B20C13F51E9F4328003AE278 /* EcityCollectionViewFlowLayoutDelegate.m */ = {isa = PBXFileReference; fileEncoding = 4; lastKnownFileType = sourcecode.c.objc; path = EcityCollectionViewFlowLayoutDelegate.m; sourceTree = "<group>"; };
		B246498D1E9CC9D20079FF4D /* StackView.app */ = {isa = PBXFileReference; explicitFileType = wrapper.application; includeInIndex = 0; path = StackView.app; sourceTree = BUILT_PRODUCTS_DIR; };
		B24649911E9CC9D20079FF4D /* main.m */ = {isa = PBXFileReference; lastKnownFileType = sourcecode.c.objc; path = main.m; sourceTree = "<group>"; };
		B24649931E9CC9D20079FF4D /* AppDelegate.h */ = {isa = PBXFileReference; lastKnownFileType = sourcecode.c.h; path = AppDelegate.h; sourceTree = "<group>"; };
		B24649941E9CC9D20079FF4D /* AppDelegate.m */ = {isa = PBXFileReference; lastKnownFileType = sourcecode.c.objc; path = AppDelegate.m; sourceTree = "<group>"; };
		B24649961E9CC9D20079FF4D /* ViewController.h */ = {isa = PBXFileReference; lastKnownFileType = sourcecode.c.h; name = ViewController.h; path = ../ViewController.h; sourceTree = "<group>"; };
		B24649971E9CC9D20079FF4D /* ViewController.m */ = {isa = PBXFileReference; lastKnownFileType = sourcecode.c.objc; name = ViewController.m; path = ../ViewController.m; sourceTree = "<group>"; };
		B246499A1E9CC9D20079FF4D /* Base */ = {isa = PBXFileReference; lastKnownFileType = file.storyboard; name = Base; path = Base.lproj/Main.storyboard; sourceTree = "<group>"; };
		B246499C1E9CC9D20079FF4D /* Assets.xcassets */ = {isa = PBXFileReference; lastKnownFileType = folder.assetcatalog; path = Assets.xcassets; sourceTree = "<group>"; };
		B246499F1E9CC9D20079FF4D /* Base */ = {isa = PBXFileReference; lastKnownFileType = file.storyboard; name = Base; path = Base.lproj/LaunchScreen.storyboard; sourceTree = "<group>"; };
		B24649A11E9CC9D20079FF4D /* Info.plist */ = {isa = PBXFileReference; lastKnownFileType = text.plist.xml; path = Info.plist; sourceTree = "<group>"; };
		B24649A61E9CC9D20079FF4D /* StackViewTests.xctest */ = {isa = PBXFileReference; explicitFileType = wrapper.cfbundle; includeInIndex = 0; path = StackViewTests.xctest; sourceTree = BUILT_PRODUCTS_DIR; };
		B24649AA1E9CC9D20079FF4D /* StackViewTests.m */ = {isa = PBXFileReference; lastKnownFileType = sourcecode.c.objc; path = StackViewTests.m; sourceTree = "<group>"; };
		B24649AC1E9CC9D20079FF4D /* Info.plist */ = {isa = PBXFileReference; lastKnownFileType = text.plist.xml; path = Info.plist; sourceTree = "<group>"; };
		B24649B11E9CC9D20079FF4D /* StackViewUITests.xctest */ = {isa = PBXFileReference; explicitFileType = wrapper.cfbundle; includeInIndex = 0; path = StackViewUITests.xctest; sourceTree = BUILT_PRODUCTS_DIR; };
		B24649B51E9CC9D20079FF4D /* StackViewUITests.m */ = {isa = PBXFileReference; lastKnownFileType = sourcecode.c.objc; path = StackViewUITests.m; sourceTree = "<group>"; };
		B24649B71E9CC9D20079FF4D /* Info.plist */ = {isa = PBXFileReference; lastKnownFileType = text.plist.xml; path = Info.plist; sourceTree = "<group>"; };
		B24649C31E9CCB1A0079FF4D /* EcityTableViewCell.h */ = {isa = PBXFileReference; fileEncoding = 4; lastKnownFileType = sourcecode.c.h; name = EcityTableViewCell.h; path = ../EcityTableViewCell.h; sourceTree = "<group>"; };
		B24649C41E9CCB1A0079FF4D /* EcityTableViewCell.m */ = {isa = PBXFileReference; fileEncoding = 4; lastKnownFileType = sourcecode.c.objc; name = EcityTableViewCell.m; path = ../EcityTableViewCell.m; sourceTree = "<group>"; };
		B24649C91E9CCB780079FF4D /* UIProjectListTableViewCell.h */ = {isa = PBXFileReference; fileEncoding = 4; lastKnownFileType = sourcecode.c.h; name = UIProjectListTableViewCell.h; path = ../Assets.xcassets/UIProjectListTableViewCell.h; sourceTree = "<group>"; };
		B24649CA1E9CCB780079FF4D /* UIProjectListTableViewCell.m */ = {isa = PBXFileReference; fileEncoding = 4; lastKnownFileType = sourcecode.c.objc; name = UIProjectListTableViewCell.m; path = ../Assets.xcassets/UIProjectListTableViewCell.m; sourceTree = "<group>"; };
		B24649CD1E9CDC470079FF4D /* arrow_d1@2x.png */ = {isa = PBXFileReference; lastKnownFileType = image.png; path = "arrow_d1@2x.png"; sourceTree = "<group>"; };
		B24649CE1E9CDC470079FF4D /* arrow_d2@2x.png */ = {isa = PBXFileReference; lastKnownFileType = image.png; path = "arrow_d2@2x.png"; sourceTree = "<group>"; };
		B24649CF1E9CDC470079FF4D /* arrow_slt.png */ = {isa = PBXFileReference; lastKnownFileType = image.png; path = arrow_slt.png; sourceTree = "<group>"; };
		B24649D01E9CDC470079FF4D /* back@2x.png */ = {isa = PBXFileReference; lastKnownFileType = image.png; path = "back@2x.png"; sourceTree = "<group>"; };
		B24649D11E9CDC470079FF4D /* bg@2x.png */ = {isa = PBXFileReference; lastKnownFileType = image.png; path = "bg@2x.png"; sourceTree = "<group>"; };
		B24649D21E9CDC470079FF4D /* bottom_fuj@2x.png */ = {isa = PBXFileReference; lastKnownFileType = image.png; path = "bottom_fuj@2x.png"; sourceTree = "<group>"; };
		B24649D31E9CDC470079FF4D /* bottom_job@2x.png */ = {isa = PBXFileReference; lastKnownFileType = image.png; path = "bottom_job@2x.png"; sourceTree = "<group>"; };
		B24649D41E9CDC470079FF4D /* bottom_per@3x.png */ = {isa = PBXFileReference; lastKnownFileType = image.png; path = "bottom_per@3x.png"; sourceTree = "<group>"; };
		B24649D51E9CDC470079FF4D /* bottom_project@3x.png */ = {isa = PBXFileReference; lastKnownFileType = image.png; path = "bottom_project@3x.png"; sourceTree = "<group>"; };
		B24649D61E9CDC470079FF4D /* bottom_talk@2x.png */ = {isa = PBXFileReference; lastKnownFileType = image.png; path = "bottom_talk@2x.png"; sourceTree = "<group>"; };
		B24649D71E9CDC470079FF4D /* bottom_work@3x.png */ = {isa = PBXFileReference; lastKnownFileType = image.png; path = "bottom_work@3x.png"; sourceTree = "<group>"; };
		B24649D81E9CDC470079FF4D /* btn_login@2x.png */ = {isa = PBXFileReference; lastKnownFileType = image.png; path = "btn_login@2x.png"; sourceTree = "<group>"; };
		B24649D91E9CDC470079FF4D /* call@3x.png */ = {isa = PBXFileReference; lastKnownFileType = image.png; path = "call@3x.png"; sourceTree = "<group>"; };
		B24649DA1E9CDC470079FF4D /* choose_sub@2x.png */ = {isa = PBXFileReference; lastKnownFileType = image.png; path = "choose_sub@2x.png"; sourceTree = "<group>"; };
		B24649DB1E9CDC470079FF4D /* choose_top.png */ = {isa = PBXFileReference; lastKnownFileType = image.png; path = choose_top.png; sourceTree = "<group>"; };
		B24649DC1E9CDC470079FF4D /* fuj2@2x.png */ = {isa = PBXFileReference; lastKnownFileType = image.png; path = "fuj2@2x.png"; sourceTree = "<group>"; };
		B24649DD1E9CDC470079FF4D /* fuj@2x.png */ = {isa = PBXFileReference; lastKnownFileType = image.png; path = "fuj@2x.png"; sourceTree = "<group>"; };
		B24649DE1E9CDC470079FF4D /* icon_local_01@2x.png */ = {isa = PBXFileReference; lastKnownFileType = image.png; path = "icon_local_01@2x.png"; sourceTree = "<group>"; };
		B24649DF1E9CDC470079FF4D /* icon_local_02@2x.png */ = {isa = PBXFileReference; lastKnownFileType = image.png; path = "icon_local_02@2x.png"; sourceTree = "<group>"; };
		B24649E01E9CDC470079FF4D /* icon_logo@3x.png */ = {isa = PBXFileReference; lastKnownFileType = image.png; path = "icon_logo@3x.png"; sourceTree = "<group>"; };
		B24649E11E9CDC470079FF4D /* icon_set01@2x.png */ = {isa = PBXFileReference; lastKnownFileType = image.png; path = "icon_set01@2x.png"; sourceTree = "<group>"; };
		B24649E21E9CDC470079FF4D /* inputbox@2x.png */ = {isa = PBXFileReference; lastKnownFileType = image.png; path = "inputbox@2x.png"; sourceTree = "<group>"; };
		B24649E31E9CDC470079FF4D /* job2@2x.png */ = {isa = PBXFileReference; lastKnownFileType = image.png; path = "job2@2x.png"; sourceTree = "<group>"; };
		B24649E41E9CDC470079FF4D /* job@2x.png */ = {isa = PBXFileReference; lastKnownFileType = image.png; path = "job@2x.png"; sourceTree = "<group>"; };
		B24649E51E9CDC470079FF4D /* list_mode@2x.png */ = {isa = PBXFileReference; lastKnownFileType = image.png; path = "list_mode@2x.png"; sourceTree = "<group>"; };
		B24649E61E9CDC470079FF4D /* list_user@2x.png */ = {isa = PBXFileReference; lastKnownFileType = image.png; path = "list_user@2x.png"; sourceTree = "<group>"; };
		B24649E71E9CDC470079FF4D /* local_pot@2x.png */ = {isa = PBXFileReference; lastKnownFileType = image.png; path = "local_pot@2x.png"; sourceTree = "<group>"; };
		B24649E81E9CDC470079FF4D /* logo@2x.png */ = {isa = PBXFileReference; lastKnownFileType = image.png; path = "logo@2x.png"; sourceTree = "<group>"; };
		B24649E91E9CDC470079FF4D /* map_zoom2@2x.png */ = {isa = PBXFileReference; lastKnownFileType = image.png; path = "map_zoom2@2x.png"; sourceTree = "<group>"; };
		B24649EA1E9CDC470079FF4D /* map_zoom3@2x.png */ = {isa = PBXFileReference; lastKnownFileType = image.png; path = "map_zoom3@2x.png"; sourceTree = "<group>"; };
		B24649EB1E9CDC470079FF4D /* map_zoom@2x.png */ = {isa = PBXFileReference; lastKnownFileType = image.png; path = "map_zoom@2x.png"; sourceTree = "<group>"; };
		B24649EC1E9CDC470079FF4D /* p_qz.png */ = {isa = PBXFileReference; lastKnownFileType = image.png; path = p_qz.png; sourceTree = "<group>"; };
		B24649ED1E9CDC470079FF4D /* password@2x.png */ = {isa = PBXFileReference; lastKnownFileType = image.png; path = "password@2x.png"; sourceTree = "<group>"; };
		B24649EE1E9CDC470079FF4D /* phoneCall.png */ = {isa = PBXFileReference; lastKnownFileType = image.png; path = phoneCall.png; sourceTree = "<group>"; };
		B24649EF1E9CDC470079FF4D /* photo_mr@3x.jpg */ = {isa = PBXFileReference; lastKnownFileType = image.jpeg; path = "photo_mr@3x.jpg"; sourceTree = "<group>"; };
		B24649F01E9CDC470079FF4D /* project_all2@2x.png */ = {isa = PBXFileReference; lastKnownFileType = image.png; path = "project_all2@2x.png"; sourceTree = "<group>"; };
		B24649F11E9CDC470079FF4D /* project_all@2x.png */ = {isa = PBXFileReference; lastKnownFileType = image.png; path = "project_all@2x.png"; sourceTree = "<group>"; };
		B24649F21E9CDC470079FF4D /* project_build@2x.png */ = {isa = PBXFileReference; lastKnownFileType = image.png; path = "project_build@2x.png"; sourceTree = "<group>"; };
		B24649F31E9CDC470079FF4D /* project_land@2x.png */ = {isa = PBXFileReference; lastKnownFileType = image.png; path = "project_land@2x.png"; sourceTree = "<group>"; };
		B24649F41E9CDC470079FF4D /* project_nor@2x.png */ = {isa = PBXFileReference; lastKnownFileType = image.png; path = "project_nor@2x.png"; sourceTree = "<group>"; };
		B24649F51E9CDC470079FF4D /* project_normal@2x.png */ = {isa = PBXFileReference; lastKnownFileType = image.png; path = "project_normal@2x.png"; sourceTree = "<group>"; };
		B24649F61E9CDC470079FF4D /* project_other@2x.png */ = {isa = PBXFileReference; lastKnownFileType = image.png; path = "project_other@2x.png"; sourceTree = "<group>"; };
		B24649F71E9CDC470079FF4D /* project_river@2x.png */ = {isa = PBXFileReference; lastKnownFileType = image.png; path = "project_river@2x.png"; sourceTree = "<group>"; };
		B24649F81E9CDC470079FF4D /* project_road@2x.png */ = {isa = PBXFileReference; lastKnownFileType = image.png; path = "project_road@2x.png"; sourceTree = "<group>"; };
		B24649F91E9CDC470079FF4D /* project_slct@2x.png */ = {isa = PBXFileReference; lastKnownFileType = image.png; path = "project_slct@2x.png"; sourceTree = "<group>"; };
		B24649FA1E9CDC470079FF4D /* project_warn@2x.png */ = {isa = PBXFileReference; lastKnownFileType = image.png; path = "project_warn@2x.png"; sourceTree = "<group>"; };
		B24649FB1E9CDC470079FF4D /* project_warnning@2x.png */ = {isa = PBXFileReference; lastKnownFileType = image.png; path = "project_warnning@2x.png"; sourceTree = "<group>"; };
		B24649FC1E9CDC470079FF4D /* radio_check@2x.png */ = {isa = PBXFileReference; lastKnownFileType = image.png; path = "radio_check@2x.png"; sourceTree = "<group>"; };
		B24649FD1E9CDC470079FF4D /* radio_normal@2x.png */ = {isa = PBXFileReference; lastKnownFileType = image.png; path = "radio_normal@2x.png"; sourceTree = "<group>"; };
		B24649FE1E9CDC470079FF4D /* sch_bar@2x.png */ = {isa = PBXFileReference; lastKnownFileType = image.png; path = "sch_bar@2x.png"; sourceTree = "<group>"; };
		B24649FF1E9CDC470079FF4D /* sch_icon@2x.png */ = {isa = PBXFileReference; lastKnownFileType = image.png; path = "sch_icon@2x.png"; sourceTree = "<group>"; };
		B2464A001E9CDC470079FF4D /* screen@2x.png */ = {isa = PBXFileReference; lastKnownFileType = image.png; path = "screen@2x.png"; sourceTree = "<group>"; };
		B2464A011E9CDC470079FF4D /* tag_01@2x.png */ = {isa = PBXFileReference; lastKnownFileType = image.png; path = "tag_01@2x.png"; sourceTree = "<group>"; };
		B2464A021E9CDC470079FF4D /* tag_02@2x.png */ = {isa = PBXFileReference; lastKnownFileType = image.png; path = "tag_02@2x.png"; sourceTree = "<group>"; };
		B2464A031E9CDC470079FF4D /* tag_03@2x.png */ = {isa = PBXFileReference; lastKnownFileType = image.png; path = "tag_03@2x.png"; sourceTree = "<group>"; };
		B2464A041E9CDC470079FF4D /* tag_04@2x.png */ = {isa = PBXFileReference; lastKnownFileType = image.png; path = "tag_04@2x.png"; sourceTree = "<group>"; };
		B2464A051E9CDC470079FF4D /* talk2@2x.png */ = {isa = PBXFileReference; lastKnownFileType = image.png; path = "talk2@2x.png"; sourceTree = "<group>"; };
		B2464A061E9CDC470079FF4D /* talk@2x.png */ = {isa = PBXFileReference; lastKnownFileType = image.png; path = "talk@2x.png"; sourceTree = "<group>"; };
		B2464A071E9CDC470079FF4D /* tools@2x.png */ = {isa = PBXFileReference; lastKnownFileType = image.png; path = "tools@2x.png"; sourceTree = "<group>"; };
		B2464A081E9CDC470079FF4D /* user@2x.png */ = {isa = PBXFileReference; lastKnownFileType = image.png; path = "user@2x.png"; sourceTree = "<group>"; };
		B2464A091E9CDC470079FF4D /* worker@3x.png */ = {isa = PBXFileReference; lastKnownFileType = image.png; path = "worker@3x.png"; sourceTree = "<group>"; };
		B2464A0A1E9CDC470079FF4D /* 未读@2x.png */ = {isa = PBXFileReference; lastKnownFileType = image.png; path = "未读@2x.png"; sourceTree = "<group>"; };
		B2464A491E9CE05A0079FF4D /* EcityLabel.h */ = {isa = PBXFileReference; fileEncoding = 4; lastKnownFileType = sourcecode.c.h; name = EcityLabel.h; path = ../EcityLabel.h; sourceTree = "<group>"; };
		B2464A4A1E9CE05A0079FF4D /* EcityLabel.m */ = {isa = PBXFileReference; fileEncoding = 4; lastKnownFileType = sourcecode.c.objc; name = EcityLabel.m; path = ../EcityLabel.m; sourceTree = "<group>"; };
		B2464A4C1E9CE07C0079FF4D /* UIProjectLabel.h */ = {isa = PBXFileReference; fileEncoding = 4; lastKnownFileType = sourcecode.c.h; name = UIProjectLabel.h; path = ../../UIProjectLabel.h; sourceTree = "<group>"; };
		B2464A4D1E9CE07C0079FF4D /* UIProjectLabel.m */ = {isa = PBXFileReference; fileEncoding = 4; lastKnownFileType = sourcecode.c.objc; name = UIProjectLabel.m; path = ../../UIProjectLabel.m; sourceTree = "<group>"; };
		B2464A4F1E9CEB8A0079FF4D /* EcityViewController.h */ = {isa = PBXFileReference; fileEncoding = 4; lastKnownFileType = sourcecode.c.h; name = EcityViewController.h; path = ../EcityViewController.h; sourceTree = "<group>"; };
		B2464A501E9CEB8A0079FF4D /* EcityViewController.m */ = {isa = PBXFileReference; fileEncoding = 4; lastKnownFileType = sourcecode.c.objc; name = EcityViewController.m; path = ../EcityViewController.m; sourceTree = "<group>"; };
		B2464A521E9CEBBE0079FF4D /* UIProjectStateViewController.h */ = {isa = PBXFileReference; fileEncoding = 4; lastKnownFileType = sourcecode.c.h; name = UIProjectStateViewController.h; path = ../UIProjectStateViewController.h; sourceTree = "<group>"; };
		B2464A531E9CEBBE0079FF4D /* UIProjectStateViewController.m */ = {isa = PBXFileReference; fileEncoding = 4; lastKnownFileType = sourcecode.c.objc; name = UIProjectStateViewController.m; path = ../UIProjectStateViewController.m; sourceTree = "<group>"; };
		B2632C1A1EA06A2E0095F9E4 /* EcityTableViewCardView.h */ = {isa = PBXFileReference; fileEncoding = 4; lastKnownFileType = sourcecode.c.h; path = EcityTableViewCardView.h; sourceTree = "<group>"; };
		B2632C1B1EA06A2E0095F9E4 /* EcityTableViewCardView.m */ = {isa = PBXFileReference; fileEncoding = 4; lastKnownFileType = sourcecode.c.objc; path = EcityTableViewCardView.m; sourceTree = "<group>"; };
		B26A991D1E9E08CF0042E5FB /* UIMessageListViewController.h */ = {isa = PBXFileReference; fileEncoding = 4; lastKnownFileType = sourcecode.c.h; name = UIMessageListViewController.h; path = ../UIMessageListViewController.h; sourceTree = "<group>"; };
		B26A991E1E9E08CF0042E5FB /* UIMessageListViewController.m */ = {isa = PBXFileReference; fileEncoding = 4; lastKnownFileType = sourcecode.c.objc; name = UIMessageListViewController.m; path = ../UIMessageListViewController.m; sourceTree = "<group>"; };
		B26A99211E9E0D600042E5FB /* WToast.h */ = {isa = PBXFileReference; fileEncoding = 4; lastKnownFileType = sourcecode.c.h; path = WToast.h; sourceTree = "<group>"; };
		B26A99221E9E0D600042E5FB /* WToast.m */ = {isa = PBXFileReference; fileEncoding = 4; lastKnownFileType = sourcecode.c.objc; path = WToast.m; sourceTree = "<group>"; };
/* End PBXFileReference section */

/* Begin PBXFrameworksBuildPhase section */
		B246498A1E9CC9D20079FF4D /* Frameworks */ = {
			isa = PBXFrameworksBuildPhase;
			buildActionMask = 2147483647;
			files = (
			);
			runOnlyForDeploymentPostprocessing = 0;
		};
		B24649A31E9CC9D20079FF4D /* Frameworks */ = {
			isa = PBXFrameworksBuildPhase;
			buildActionMask = 2147483647;
			files = (
			);
			runOnlyForDeploymentPostprocessing = 0;
		};
		B24649AE1E9CC9D20079FF4D /* Frameworks */ = {
			isa = PBXFrameworksBuildPhase;
			buildActionMask = 2147483647;
			files = (
			);
			runOnlyForDeploymentPostprocessing = 0;
		};
/* End PBXFrameworksBuildPhase section */

/* Begin PBXGroup section */
		B20C13EA1E9F1563003AE278 /* Common */ = {
			isa = PBXGroup;
			children = (
				B24649C31E9CCB1A0079FF4D /* EcityTableViewCell.h */,
				B24649C41E9CCB1A0079FF4D /* EcityTableViewCell.m */,
				B20C13DB1E9F094D003AE278 /* EcityCollectionViewCell.h */,
				B20C13DC1E9F094D003AE278 /* EcityCollectionViewCell.m */,
				B2464A491E9CE05A0079FF4D /* EcityLabel.h */,
				B2464A4A1E9CE05A0079FF4D /* EcityLabel.m */,
				B2464A4F1E9CEB8A0079FF4D /* EcityViewController.h */,
				B2464A501E9CEB8A0079FF4D /* EcityViewController.m */,
				B20C13E41E9F13F0003AE278 /* EcityCollectionViewController.h */,
				B20C13E51E9F13F0003AE278 /* EcityCollectionViewController.m */,
			);
			path = Common;
			sourceTree = "<group>";
		};
		B20C13EB1E9F15A2003AE278 /* View */ = {
			isa = PBXGroup;
			children = (
				B20C13E11E9F09EE003AE278 /* UIProjectStateCollectionViewCell.h */,
				B20C13E21E9F09EE003AE278 /* UIProjectStateCollectionViewCell.m */,
				B24649C91E9CCB780079FF4D /* UIProjectListTableViewCell.h */,
				B24649CA1E9CCB780079FF4D /* UIProjectListTableViewCell.m */,
				B20C13D81E9F06F9003AE278 /* UIProjectStateTableViewCell.h */,
				B20C13D91E9F06F9003AE278 /* UIProjectStateTableViewCell.m */,
			);
			path = View;
			sourceTree = "<group>";
		};
		B20C13EC1E9F15C4003AE278 /* Contoller */ = {
			isa = PBXGroup;
			children = (
				B24649961E9CC9D20079FF4D /* ViewController.h */,
				B24649971E9CC9D20079FF4D /* ViewController.m */,
				B2464A521E9CEBBE0079FF4D /* UIProjectStateViewController.h */,
				B2464A531E9CEBBE0079FF4D /* UIProjectStateViewController.m */,
				B26A991D1E9E08CF0042E5FB /* UIMessageListViewController.h */,
				B26A991E1E9E08CF0042E5FB /* UIMessageListViewController.m */,
				B20C13E71E9F1426003AE278 /* UIProjectCollectionViewController.h */,
				B20C13E81E9F1426003AE278 /* UIProjectCollectionViewController.m */,
			);
			path = Contoller;
			sourceTree = "<group>";
		};
		B20C13ED1E9F1678003AE278 /* Interface */ = {
			isa = PBXGroup;
			children = (
				B20C13EE1E9F168E003AE278 /* Common */,
			);
			path = Interface;
			sourceTree = "<group>";
		};
		B20C13EE1E9F168E003AE278 /* Common */ = {
			isa = PBXGroup;
			children = (
				B2464A4C1E9CE07C0079FF4D /* UIProjectLabel.h */,
				B2464A4D1E9CE07C0079FF4D /* UIProjectLabel.m */,
				B20C13F11E9F2655003AE278 /* EcityCollectionViewFlowLayout.h */,
				B20C13F21E9F2655003AE278 /* EcityCollectionViewFlowLayout.m */,
				B20C13F41E9F4328003AE278 /* EcityCollectionViewFlowLayoutDelegate.h */,
				B20C13F51E9F4328003AE278 /* EcityCollectionViewFlowLayoutDelegate.m */,
				B2632C1A1EA06A2E0095F9E4 /* EcityTableViewCardView.h */,
				B2632C1B1EA06A2E0095F9E4 /* EcityTableViewCardView.m */,
			);
			path = Common;
			sourceTree = "<group>";
		};
		B20C13EF1E9F16B2003AE278 /* Model */ = {
			isa = PBXGroup;
			children = (
			);
			path = Model;
			sourceTree = "<group>";
		};
		B20C13F01E9F16BE003AE278 /* ViewModel */ = {
			isa = PBXGroup;
			children = (
			);
			path = ViewModel;
			sourceTree = "<group>";
		};
		B24649841E9CC9D20079FF4D = {
			isa = PBXGroup;
			children = (
				B246498F1E9CC9D20079FF4D /* StackView */,
				B24649A91E9CC9D20079FF4D /* StackViewTests */,
				B24649B41E9CC9D20079FF4D /* StackViewUITests */,
				B246498E1E9CC9D20079FF4D /* Products */,
			);
			sourceTree = "<group>";
		};
		B246498E1E9CC9D20079FF4D /* Products */ = {
			isa = PBXGroup;
			children = (
				B246498D1E9CC9D20079FF4D /* StackView.app */,
				B24649A61E9CC9D20079FF4D /* StackViewTests.xctest */,
				B24649B11E9CC9D20079FF4D /* StackViewUITests.xctest */,
			);
			name = Products;
			sourceTree = "<group>";
		};
		B246498F1E9CC9D20079FF4D /* StackView */ = {
			isa = PBXGroup;
			children = (
				B20C13F01E9F16BE003AE278 /* ViewModel */,
				B20C13EF1E9F16B2003AE278 /* Model */,
				B20C13ED1E9F1678003AE278 /* Interface */,
				B20C13EC1E9F15C4003AE278 /* Contoller */,
				B20C13EB1E9F15A2003AE278 /* View */,
				B20C13EA1E9F1563003AE278 /* Common */,
				B26A99201E9E0D600042E5FB /* WToast */,
				B24649CC1E9CDC470079FF4D /* Image */,
				B24649931E9CC9D20079FF4D /* AppDelegate.h */,
				B24649941E9CC9D20079FF4D /* AppDelegate.m */,
				B24649991E9CC9D20079FF4D /* Main.storyboard */,
				B246499C1E9CC9D20079FF4D /* Assets.xcassets */,
				B246499E1E9CC9D20079FF4D /* LaunchScreen.storyboard */,
				B24649A11E9CC9D20079FF4D /* Info.plist */,
				B24649901E9CC9D20079FF4D /* Supporting Files */,
			);
			path = StackView;
			sourceTree = "<group>";
		};
		B24649901E9CC9D20079FF4D /* Supporting Files */ = {
			isa = PBXGroup;
			children = (
				B24649911E9CC9D20079FF4D /* main.m */,
			);
			name = "Supporting Files";
			sourceTree = "<group>";
		};
		B24649A91E9CC9D20079FF4D /* StackViewTests */ = {
			isa = PBXGroup;
			children = (
				B24649AA1E9CC9D20079FF4D /* StackViewTests.m */,
				B24649AC1E9CC9D20079FF4D /* Info.plist */,
			);
			path = StackViewTests;
			sourceTree = "<group>";
		};
		B24649B41E9CC9D20079FF4D /* StackViewUITests */ = {
			isa = PBXGroup;
			children = (
				B24649B51E9CC9D20079FF4D /* StackViewUITests.m */,
				B24649B71E9CC9D20079FF4D /* Info.plist */,
			);
			path = StackViewUITests;
			sourceTree = "<group>";
		};
		B24649CC1E9CDC470079FF4D /* Image */ = {
			isa = PBXGroup;
			children = (
				B24649CD1E9CDC470079FF4D /* arrow_d1@2x.png */,
				B24649CE1E9CDC470079FF4D /* arrow_d2@2x.png */,
				B24649CF1E9CDC470079FF4D /* arrow_slt.png */,
				B24649D01E9CDC470079FF4D /* back@2x.png */,
				B24649D11E9CDC470079FF4D /* bg@2x.png */,
				B24649D21E9CDC470079FF4D /* bottom_fuj@2x.png */,
				B24649D31E9CDC470079FF4D /* bottom_job@2x.png */,
				B24649D41E9CDC470079FF4D /* bottom_per@3x.png */,
				B24649D51E9CDC470079FF4D /* bottom_project@3x.png */,
				B24649D61E9CDC470079FF4D /* bottom_talk@2x.png */,
				B24649D71E9CDC470079FF4D /* bottom_work@3x.png */,
				B24649D81E9CDC470079FF4D /* btn_login@2x.png */,
				B24649D91E9CDC470079FF4D /* call@3x.png */,
				B24649DA1E9CDC470079FF4D /* choose_sub@2x.png */,
				B24649DB1E9CDC470079FF4D /* choose_top.png */,
				B24649DC1E9CDC470079FF4D /* fuj2@2x.png */,
				B24649DD1E9CDC470079FF4D /* fuj@2x.png */,
				B24649DE1E9CDC470079FF4D /* icon_local_01@2x.png */,
				B24649DF1E9CDC470079FF4D /* icon_local_02@2x.png */,
				B24649E01E9CDC470079FF4D /* icon_logo@3x.png */,
				B24649E11E9CDC470079FF4D /* icon_set01@2x.png */,
				B24649E21E9CDC470079FF4D /* inputbox@2x.png */,
				B24649E31E9CDC470079FF4D /* job2@2x.png */,
				B24649E41E9CDC470079FF4D /* job@2x.png */,
				B24649E51E9CDC470079FF4D /* list_mode@2x.png */,
				B24649E61E9CDC470079FF4D /* list_user@2x.png */,
				B24649E71E9CDC470079FF4D /* local_pot@2x.png */,
				B24649E81E9CDC470079FF4D /* logo@2x.png */,
				B24649E91E9CDC470079FF4D /* map_zoom2@2x.png */,
				B24649EA1E9CDC470079FF4D /* map_zoom3@2x.png */,
				B24649EB1E9CDC470079FF4D /* map_zoom@2x.png */,
				B24649EC1E9CDC470079FF4D /* p_qz.png */,
				B24649ED1E9CDC470079FF4D /* password@2x.png */,
				B24649EE1E9CDC470079FF4D /* phoneCall.png */,
				B24649EF1E9CDC470079FF4D /* photo_mr@3x.jpg */,
				B24649F01E9CDC470079FF4D /* project_all2@2x.png */,
				B24649F11E9CDC470079FF4D /* project_all@2x.png */,
				B24649F21E9CDC470079FF4D /* project_build@2x.png */,
				B24649F31E9CDC470079FF4D /* project_land@2x.png */,
				B24649F41E9CDC470079FF4D /* project_nor@2x.png */,
				B24649F51E9CDC470079FF4D /* project_normal@2x.png */,
				B24649F61E9CDC470079FF4D /* project_other@2x.png */,
				B24649F71E9CDC470079FF4D /* project_river@2x.png */,
				B24649F81E9CDC470079FF4D /* project_road@2x.png */,
				B24649F91E9CDC470079FF4D /* project_slct@2x.png */,
				B24649FA1E9CDC470079FF4D /* project_warn@2x.png */,
				B24649FB1E9CDC470079FF4D /* project_warnning@2x.png */,
				B24649FC1E9CDC470079FF4D /* radio_check@2x.png */,
				B24649FD1E9CDC470079FF4D /* radio_normal@2x.png */,
				B24649FE1E9CDC470079FF4D /* sch_bar@2x.png */,
				B24649FF1E9CDC470079FF4D /* sch_icon@2x.png */,
				B2464A001E9CDC470079FF4D /* screen@2x.png */,
				B2464A011E9CDC470079FF4D /* tag_01@2x.png */,
				B2464A021E9CDC470079FF4D /* tag_02@2x.png */,
				B2464A031E9CDC470079FF4D /* tag_03@2x.png */,
				B2464A041E9CDC470079FF4D /* tag_04@2x.png */,
				B2464A051E9CDC470079FF4D /* talk2@2x.png */,
				B2464A061E9CDC470079FF4D /* talk@2x.png */,
				B2464A071E9CDC470079FF4D /* tools@2x.png */,
				B2464A081E9CDC470079FF4D /* user@2x.png */,
				B2464A091E9CDC470079FF4D /* worker@3x.png */,
				B2464A0A1E9CDC470079FF4D /* 未读@2x.png */,
			);
			path = Image;
			sourceTree = "<group>";
		};
		B26A99201E9E0D600042E5FB /* WToast */ = {
			isa = PBXGroup;
			children = (
				B26A99211E9E0D600042E5FB /* WToast.h */,
				B26A99221E9E0D600042E5FB /* WToast.m */,
			);
			path = WToast;
			sourceTree = "<group>";
		};
/* End PBXGroup section */

/* Begin PBXNativeTarget section */
		B246498C1E9CC9D20079FF4D /* StackView */ = {
			isa = PBXNativeTarget;
			buildConfigurationList = B24649BA1E9CC9D20079FF4D /* Build configuration list for PBXNativeTarget "StackView" */;
			buildPhases = (
				B24649891E9CC9D20079FF4D /* Sources */,
				B246498A1E9CC9D20079FF4D /* Frameworks */,
				B246498B1E9CC9D20079FF4D /* Resources */,
			);
			buildRules = (
			);
			dependencies = (
			);
			name = StackView;
			productName = StackView;
			productReference = B246498D1E9CC9D20079FF4D /* StackView.app */;
			productType = "com.apple.product-type.application";
		};
		B24649A51E9CC9D20079FF4D /* StackViewTests */ = {
			isa = PBXNativeTarget;
			buildConfigurationList = B24649BD1E9CC9D20079FF4D /* Build configuration list for PBXNativeTarget "StackViewTests" */;
			buildPhases = (
				B24649A21E9CC9D20079FF4D /* Sources */,
				B24649A31E9CC9D20079FF4D /* Frameworks */,
				B24649A41E9CC9D20079FF4D /* Resources */,
			);
			buildRules = (
			);
			dependencies = (
				B24649A81E9CC9D20079FF4D /* PBXTargetDependency */,
			);
			name = StackViewTests;
			productName = StackViewTests;
			productReference = B24649A61E9CC9D20079FF4D /* StackViewTests.xctest */;
			productType = "com.apple.product-type.bundle.unit-test";
		};
		B24649B01E9CC9D20079FF4D /* StackViewUITests */ = {
			isa = PBXNativeTarget;
			buildConfigurationList = B24649C01E9CC9D20079FF4D /* Build configuration list for PBXNativeTarget "StackViewUITests" */;
			buildPhases = (
				B24649AD1E9CC9D20079FF4D /* Sources */,
				B24649AE1E9CC9D20079FF4D /* Frameworks */,
				B24649AF1E9CC9D20079FF4D /* Resources */,
			);
			buildRules = (
			);
			dependencies = (
				B24649B31E9CC9D20079FF4D /* PBXTargetDependency */,
			);
			name = StackViewUITests;
			productName = StackViewUITests;
			productReference = B24649B11E9CC9D20079FF4D /* StackViewUITests.xctest */;
			productType = "com.apple.product-type.bundle.ui-testing";
		};
/* End PBXNativeTarget section */

/* Begin PBXProject section */
		B24649851E9CC9D20079FF4D /* Project object */ = {
			isa = PBXProject;
			attributes = {
				LastUpgradeCheck = 0830;
				ORGANIZATIONNAME = Centit;
				TargetAttributes = {
					B246498C1E9CC9D20079FF4D = {
						CreatedOnToolsVersion = 8.3.1;
						DevelopmentTeam = T3GJXPTE2B;
						ProvisioningStyle = Automatic;
					};
					B24649A51E9CC9D20079FF4D = {
						CreatedOnToolsVersion = 8.3.1;
						DevelopmentTeam = T3GJXPTE2B;
						ProvisioningStyle = Automatic;
						TestTargetID = B246498C1E9CC9D20079FF4D;
					};
					B24649B01E9CC9D20079FF4D = {
						CreatedOnToolsVersion = 8.3.1;
						DevelopmentTeam = T3GJXPTE2B;
						ProvisioningStyle = Automatic;
						TestTargetID = B246498C1E9CC9D20079FF4D;
					};
				};
			};
			buildConfigurationList = B24649881E9CC9D20079FF4D /* Build configuration list for PBXProject "StackView" */;
			compatibilityVersion = "Xcode 3.2";
			developmentRegion = English;
			hasScannedForEncodings = 0;
			knownRegions = (
				en,
				Base,
			);
			mainGroup = B24649841E9CC9D20079FF4D;
			productRefGroup = B246498E1E9CC9D20079FF4D /* Products */;
			projectDirPath = "";
			projectRoot = "";
			targets = (
				B246498C1E9CC9D20079FF4D /* StackView */,
				B24649A51E9CC9D20079FF4D /* StackViewTests */,
				B24649B01E9CC9D20079FF4D /* StackViewUITests */,
			);
		};
/* End PBXProject section */

/* Begin PBXResourcesBuildPhase section */
		B246498B1E9CC9D20079FF4D /* Resources */ = {
			isa = PBXResourcesBuildPhase;
			buildActionMask = 2147483647;
			files = (
				B2464A201E9CDC470079FF4D /* inputbox@2x.png in Resources */,
				B2464A271E9CDC470079FF4D /* map_zoom2@2x.png in Resources */,
				B2464A391E9CDC470079FF4D /* project_warnning@2x.png in Resources */,
				B24649A01E9CC9D20079FF4D /* LaunchScreen.storyboard in Resources */,
				B2464A351E9CDC470079FF4D /* project_river@2x.png in Resources */,
				B2464A471E9CDC470079FF4D /* worker@3x.png in Resources */,
				B2464A421E9CDC470079FF4D /* tag_04@2x.png in Resources */,
				B2464A121E9CDC470079FF4D /* bottom_per@3x.png in Resources */,
				B2464A241E9CDC470079FF4D /* list_user@2x.png in Resources */,
				B2464A2D1E9CDC470079FF4D /* photo_mr@3x.jpg in Resources */,
				B2464A211E9CDC470079FF4D /* job2@2x.png in Resources */,
				B2464A281E9CDC470079FF4D /* map_zoom3@2x.png in Resources */,
				B2464A261E9CDC470079FF4D /* logo@2x.png in Resources */,
				B2464A2C1E9CDC470079FF4D /* phoneCall.png in Resources */,
				B2464A131E9CDC470079FF4D /* bottom_project@3x.png in Resources */,
				B2464A1F1E9CDC470079FF4D /* icon_set01@2x.png in Resources */,
				B2464A161E9CDC470079FF4D /* btn_login@2x.png in Resources */,
				B2464A331E9CDC470079FF4D /* project_normal@2x.png in Resources */,
				B2464A2A1E9CDC470079FF4D /* p_qz.png in Resources */,
				B2464A321E9CDC470079FF4D /* project_nor@2x.png in Resources */,
				B2464A0D1E9CDC470079FF4D /* arrow_slt.png in Resources */,
				B2464A301E9CDC470079FF4D /* project_build@2x.png in Resources */,
				B2464A1D1E9CDC470079FF4D /* icon_local_02@2x.png in Resources */,
				B2464A231E9CDC470079FF4D /* list_mode@2x.png in Resources */,
				B2464A431E9CDC470079FF4D /* talk2@2x.png in Resources */,
				B2464A2B1E9CDC470079FF4D /* password@2x.png in Resources */,
				B2464A1A1E9CDC470079FF4D /* fuj2@2x.png in Resources */,
				B2464A171E9CDC470079FF4D /* call@3x.png in Resources */,
				B2464A191E9CDC470079FF4D /* choose_top.png in Resources */,
				B2464A361E9CDC470079FF4D /* project_road@2x.png in Resources */,
				B2464A0C1E9CDC470079FF4D /* arrow_d2@2x.png in Resources */,
				B2464A151E9CDC470079FF4D /* bottom_work@3x.png in Resources */,
				B2464A371E9CDC470079FF4D /* project_slct@2x.png in Resources */,
				B2464A341E9CDC470079FF4D /* project_other@2x.png in Resources */,
				B2464A0E1E9CDC470079FF4D /* back@2x.png in Resources */,
				B2464A481E9CDC470079FF4D /* 未读@2x.png in Resources */,
				B2464A1C1E9CDC470079FF4D /* icon_local_01@2x.png in Resources */,
				B2464A3A1E9CDC470079FF4D /* radio_check@2x.png in Resources */,
				B2464A411E9CDC470079FF4D /* tag_03@2x.png in Resources */,
				B2464A1E1E9CDC470079FF4D /* icon_logo@3x.png in Resources */,
				B2464A221E9CDC470079FF4D /* job@2x.png in Resources */,
				B2464A101E9CDC470079FF4D /* bottom_fuj@2x.png in Resources */,
				B2464A2E1E9CDC470079FF4D /* project_all2@2x.png in Resources */,
				B2464A291E9CDC470079FF4D /* map_zoom@2x.png in Resources */,
				B2464A3E1E9CDC470079FF4D /* screen@2x.png in Resources */,
				B2464A311E9CDC470079FF4D /* project_land@2x.png in Resources */,
				B2464A3C1E9CDC470079FF4D /* sch_bar@2x.png in Resources */,
				B2464A2F1E9CDC470079FF4D /* project_all@2x.png in Resources */,
				B2464A401E9CDC470079FF4D /* tag_02@2x.png in Resources */,
				B2464A3D1E9CDC470079FF4D /* sch_icon@2x.png in Resources */,
				B2464A141E9CDC470079FF4D /* bottom_talk@2x.png in Resources */,
				B2464A181E9CDC470079FF4D /* choose_sub@2x.png in Resources */,
				B2464A3F1E9CDC470079FF4D /* tag_01@2x.png in Resources */,
				B2464A441E9CDC470079FF4D /* talk@2x.png in Resources */,
				B2464A451E9CDC470079FF4D /* tools@2x.png in Resources */,
				B246499D1E9CC9D20079FF4D /* Assets.xcassets in Resources */,
				B246499B1E9CC9D20079FF4D /* Main.storyboard in Resources */,
				B2464A1B1E9CDC470079FF4D /* fuj@2x.png in Resources */,
				B2464A381E9CDC470079FF4D /* project_warn@2x.png in Resources */,
				B2464A3B1E9CDC470079FF4D /* radio_normal@2x.png in Resources */,
				B2464A0B1E9CDC470079FF4D /* arrow_d1@2x.png in Resources */,
				B2464A0F1E9CDC470079FF4D /* bg@2x.png in Resources */,
				B2464A461E9CDC470079FF4D /* user@2x.png in Resources */,
				B2464A251E9CDC470079FF4D /* local_pot@2x.png in Resources */,
				B2464A111E9CDC470079FF4D /* bottom_job@2x.png in Resources */,
			);
			runOnlyForDeploymentPostprocessing = 0;
		};
		B24649A41E9CC9D20079FF4D /* Resources */ = {
			isa = PBXResourcesBuildPhase;
			buildActionMask = 2147483647;
			files = (
			);
			runOnlyForDeploymentPostprocessing = 0;
		};
		B24649AF1E9CC9D20079FF4D /* Resources */ = {
			isa = PBXResourcesBuildPhase;
			buildActionMask = 2147483647;
			files = (
			);
			runOnlyForDeploymentPostprocessing = 0;
		};
/* End PBXResourcesBuildPhase section */

/* Begin PBXSourcesBuildPhase section */
		B24649891E9CC9D20079FF4D /* Sources */ = {
			isa = PBXSourcesBuildPhase;
			buildActionMask = 2147483647;
			files = (
				B20C13F31E9F2655003AE278 /* EcityCollectionViewFlowLayout.m in Sources */,
				B24649C51E9CCB1A0079FF4D /* EcityTableViewCell.m in Sources */,
				B26A99231E9E0D600042E5FB /* WToast.m in Sources */,
				B2632C1C1EA06A2E0095F9E4 /* EcityTableViewCardView.m in Sources */,
				B20C13E31E9F09EE003AE278 /* UIProjectStateCollectionViewCell.m in Sources */,
				B2464A4B1E9CE05A0079FF4D /* EcityLabel.m in Sources */,
				B24649981E9CC9D20079FF4D /* ViewController.m in Sources */,
				B2464A541E9CEBBE0079FF4D /* UIProjectStateViewController.m in Sources */,
				B24649951E9CC9D20079FF4D /* AppDelegate.m in Sources */,
				B24649921E9CC9D20079FF4D /* main.m in Sources */,
				B26A991F1E9E08CF0042E5FB /* UIMessageListViewController.m in Sources */,
				B20C13F61E9F4328003AE278 /* EcityCollectionViewFlowLayoutDelegate.m in Sources */,
				B20C13E61E9F13F0003AE278 /* EcityCollectionViewController.m in Sources */,
				B2464A511E9CEB8A0079FF4D /* EcityViewController.m in Sources */,
				B20C13DA1E9F06F9003AE278 /* UIProjectStateTableViewCell.m in Sources */,
				B2464A4E1E9CE07C0079FF4D /* UIProjectLabel.m in Sources */,
				B20C13DD1E9F094D003AE278 /* EcityCollectionViewCell.m in Sources */,
				B20C13E91E9F1426003AE278 /* UIProjectCollectionViewController.m in Sources */,
				B24649CB1E9CCB780079FF4D /* UIProjectListTableViewCell.m in Sources */,
			);
			runOnlyForDeploymentPostprocessing = 0;
		};
		B24649A21E9CC9D20079FF4D /* Sources */ = {
			isa = PBXSourcesBuildPhase;
			buildActionMask = 2147483647;
			files = (
				B24649AB1E9CC9D20079FF4D /* StackViewTests.m in Sources */,
			);
			runOnlyForDeploymentPostprocessing = 0;
		};
		B24649AD1E9CC9D20079FF4D /* Sources */ = {
			isa = PBXSourcesBuildPhase;
			buildActionMask = 2147483647;
			files = (
				B24649B61E9CC9D20079FF4D /* StackViewUITests.m in Sources */,
			);
			runOnlyForDeploymentPostprocessing = 0;
		};
/* End PBXSourcesBuildPhase section */

/* Begin PBXTargetDependency section */
		B24649A81E9CC9D20079FF4D /* PBXTargetDependency */ = {
			isa = PBXTargetDependency;
			target = B246498C1E9CC9D20079FF4D /* StackView */;
			targetProxy = B24649A71E9CC9D20079FF4D /* PBXContainerItemProxy */;
		};
		B24649B31E9CC9D20079FF4D /* PBXTargetDependency */ = {
			isa = PBXTargetDependency;
			target = B246498C1E9CC9D20079FF4D /* StackView */;
			targetProxy = B24649B21E9CC9D20079FF4D /* PBXContainerItemProxy */;
		};
/* End PBXTargetDependency section */

/* Begin PBXVariantGroup section */
		B24649991E9CC9D20079FF4D /* Main.storyboard */ = {
			isa = PBXVariantGroup;
			children = (
				B246499A1E9CC9D20079FF4D /* Base */,
			);
			name = Main.storyboard;
			sourceTree = "<group>";
		};
		B246499E1E9CC9D20079FF4D /* LaunchScreen.storyboard */ = {
			isa = PBXVariantGroup;
			children = (
				B246499F1E9CC9D20079FF4D /* Base */,
			);
			name = LaunchScreen.storyboard;
			sourceTree = "<group>";
		};
/* End PBXVariantGroup section */

/* Begin XCBuildConfiguration section */
		B24649B81E9CC9D20079FF4D /* Debug */ = {
			isa = XCBuildConfiguration;
			buildSettings = {
				ALWAYS_SEARCH_USER_PATHS = NO;
				CLANG_ANALYZER_NONNULL = YES;
				CLANG_ANALYZER_NUMBER_OBJECT_CONVERSION = YES_AGGRESSIVE;
				CLANG_CXX_LANGUAGE_STANDARD = "gnu++0x";
				CLANG_CXX_LIBRARY = "libc++";
				CLANG_ENABLE_MODULES = YES;
				CLANG_ENABLE_OBJC_ARC = YES;
				CLANG_WARN_BOOL_CONVERSION = YES;
				CLANG_WARN_CONSTANT_CONVERSION = YES;
				CLANG_WARN_DIRECT_OBJC_ISA_USAGE = YES_ERROR;
				CLANG_WARN_DOCUMENTATION_COMMENTS = YES;
				CLANG_WARN_EMPTY_BODY = YES;
				CLANG_WARN_ENUM_CONVERSION = YES;
				CLANG_WARN_INFINITE_RECURSION = YES;
				CLANG_WARN_INT_CONVERSION = YES;
				CLANG_WARN_OBJC_ROOT_CLASS = YES_ERROR;
				CLANG_WARN_SUSPICIOUS_MOVE = YES;
				CLANG_WARN_UNREACHABLE_CODE = YES;
				CLANG_WARN__DUPLICATE_METHOD_MATCH = YES;
				"CODE_SIGN_IDENTITY[sdk=iphoneos*]" = "iPhone Developer";
				COPY_PHASE_STRIP = NO;
				DEBUG_INFORMATION_FORMAT = dwarf;
				ENABLE_STRICT_OBJC_MSGSEND = YES;
				ENABLE_TESTABILITY = YES;
				GCC_C_LANGUAGE_STANDARD = gnu99;
				GCC_DYNAMIC_NO_PIC = NO;
				GCC_NO_COMMON_BLOCKS = YES;
				GCC_OPTIMIZATION_LEVEL = 0;
				GCC_PREPROCESSOR_DEFINITIONS = (
					"DEBUG=1",
					"$(inherited)",
				);
				GCC_WARN_64_TO_32_BIT_CONVERSION = YES;
				GCC_WARN_ABOUT_RETURN_TYPE = YES_ERROR;
				GCC_WARN_UNDECLARED_SELECTOR = YES;
				GCC_WARN_UNINITIALIZED_AUTOS = YES_AGGRESSIVE;
				GCC_WARN_UNUSED_FUNCTION = YES;
				GCC_WARN_UNUSED_VARIABLE = YES;
				IPHONEOS_DEPLOYMENT_TARGET = 10.3;
				MTL_ENABLE_DEBUG_INFO = YES;
				ONLY_ACTIVE_ARCH = YES;
				SDKROOT = iphoneos;
				TARGETED_DEVICE_FAMILY = "1,2";
			};
			name = Debug;
		};
		B24649B91E9CC9D20079FF4D /* Release */ = {
			isa = XCBuildConfiguration;
			buildSettings = {
				ALWAYS_SEARCH_USER_PATHS = NO;
				CLANG_ANALYZER_NONNULL = YES;
				CLANG_ANALYZER_NUMBER_OBJECT_CONVERSION = YES_AGGRESSIVE;
				CLANG_CXX_LANGUAGE_STANDARD = "gnu++0x";
				CLANG_CXX_LIBRARY = "libc++";
				CLANG_ENABLE_MODULES = YES;
				CLANG_ENABLE_OBJC_ARC = YES;
				CLANG_WARN_BOOL_CONVERSION = YES;
				CLANG_WARN_CONSTANT_CONVERSION = YES;
				CLANG_WARN_DIRECT_OBJC_ISA_USAGE = YES_ERROR;
				CLANG_WARN_DOCUMENTATION_COMMENTS = YES;
				CLANG_WARN_EMPTY_BODY = YES;
				CLANG_WARN_ENUM_CONVERSION = YES;
				CLANG_WARN_INFINITE_RECURSION = YES;
				CLANG_WARN_INT_CONVERSION = YES;
				CLANG_WARN_OBJC_ROOT_CLASS = YES_ERROR;
				CLANG_WARN_SUSPICIOUS_MOVE = YES;
				CLANG_WARN_UNREACHABLE_CODE = YES;
				CLANG_WARN__DUPLICATE_METHOD_MATCH = YES;
				"CODE_SIGN_IDENTITY[sdk=iphoneos*]" = "iPhone Developer";
				COPY_PHASE_STRIP = NO;
				DEBUG_INFORMATION_FORMAT = "dwarf-with-dsym";
				ENABLE_NS_ASSERTIONS = NO;
				ENABLE_STRICT_OBJC_MSGSEND = YES;
				GCC_C_LANGUAGE_STANDARD = gnu99;
				GCC_NO_COMMON_BLOCKS = YES;
				GCC_WARN_64_TO_32_BIT_CONVERSION = YES;
				GCC_WARN_ABOUT_RETURN_TYPE = YES_ERROR;
				GCC_WARN_UNDECLARED_SELECTOR = YES;
				GCC_WARN_UNINITIALIZED_AUTOS = YES_AGGRESSIVE;
				GCC_WARN_UNUSED_FUNCTION = YES;
				GCC_WARN_UNUSED_VARIABLE = YES;
				IPHONEOS_DEPLOYMENT_TARGET = 10.3;
				MTL_ENABLE_DEBUG_INFO = NO;
				SDKROOT = iphoneos;
				TARGETED_DEVICE_FAMILY = "1,2";
				VALIDATE_PRODUCT = YES;
			};
			name = Release;
		};
		B24649BB1E9CC9D20079FF4D /* Debug */ = {
			isa = XCBuildConfiguration;
			buildSettings = {
				ASSETCATALOG_COMPILER_APPICON_NAME = AppIcon;
				DEVELOPMENT_TEAM = T3GJXPTE2B;
				INFOPLIST_FILE = StackView/Info.plist;
				LD_RUNPATH_SEARCH_PATHS = "$(inherited) @executable_path/Frameworks";
				PRODUCT_BUNDLE_IDENTIFIER = Centit.StackView;
				PRODUCT_NAME = "$(TARGET_NAME)";
			};
			name = Debug;
		};
		B24649BC1E9CC9D20079FF4D /* Release */ = {
			isa = XCBuildConfiguration;
			buildSettings = {
				ASSETCATALOG_COMPILER_APPICON_NAME = AppIcon;
				DEVELOPMENT_TEAM = T3GJXPTE2B;
				INFOPLIST_FILE = StackView/Info.plist;
				LD_RUNPATH_SEARCH_PATHS = "$(inherited) @executable_path/Frameworks";
				PRODUCT_BUNDLE_IDENTIFIER = Centit.StackView;
				PRODUCT_NAME = "$(TARGET_NAME)";
			};
			name = Release;
		};
		B24649BE1E9CC9D20079FF4D /* Debug */ = {
			isa = XCBuildConfiguration;
			buildSettings = {
				BUNDLE_LOADER = "$(TEST_HOST)";
				DEVELOPMENT_TEAM = T3GJXPTE2B;
				INFOPLIST_FILE = StackViewTests/Info.plist;
				LD_RUNPATH_SEARCH_PATHS = "$(inherited) @executable_path/Frameworks @loader_path/Frameworks";
				PRODUCT_BUNDLE_IDENTIFIER = Centit.StackViewTests;
				PRODUCT_NAME = "$(TARGET_NAME)";
				TEST_HOST = "$(BUILT_PRODUCTS_DIR)/StackView.app/StackView";
			};
			name = Debug;
		};
		B24649BF1E9CC9D20079FF4D /* Release */ = {
			isa = XCBuildConfiguration;
			buildSettings = {
				BUNDLE_LOADER = "$(TEST_HOST)";
				DEVELOPMENT_TEAM = T3GJXPTE2B;
				INFOPLIST_FILE = StackViewTests/Info.plist;
				LD_RUNPATH_SEARCH_PATHS = "$(inherited) @executable_path/Frameworks @loader_path/Frameworks";
				PRODUCT_BUNDLE_IDENTIFIER = Centit.StackViewTests;
				PRODUCT_NAME = "$(TARGET_NAME)";
				TEST_HOST = "$(BUILT_PRODUCTS_DIR)/StackView.app/StackView";
			};
			name = Release;
		};
		B24649C11E9CC9D20079FF4D /* Debug */ = {
			isa = XCBuildConfiguration;
			buildSettings = {
				DEVELOPMENT_TEAM = T3GJXPTE2B;
				INFOPLIST_FILE = StackViewUITests/Info.plist;
				LD_RUNPATH_SEARCH_PATHS = "$(inherited) @executable_path/Frameworks @loader_path/Frameworks";
				PRODUCT_BUNDLE_IDENTIFIER = Centit.StackViewUITests;
				PRODUCT_NAME = "$(TARGET_NAME)";
				TEST_TARGET_NAME = StackView;
			};
			name = Debug;
		};
		B24649C21E9CC9D20079FF4D /* Release */ = {
			isa = XCBuildConfiguration;
			buildSettings = {
				DEVELOPMENT_TEAM = T3GJXPTE2B;
				INFOPLIST_FILE = StackViewUITests/Info.plist;
				LD_RUNPATH_SEARCH_PATHS = "$(inherited) @executable_path/Frameworks @loader_path/Frameworks";
				PRODUCT_BUNDLE_IDENTIFIER = Centit.StackViewUITests;
				PRODUCT_NAME = "$(TARGET_NAME)";
				TEST_TARGET_NAME = StackView;
			};
			name = Release;
		};
/* End XCBuildConfiguration section */

/* Begin XCConfigurationList section */
		B24649881E9CC9D20079FF4D /* Build configuration list for PBXProject "StackView" */ = {
			isa = XCConfigurationList;
			buildConfigurations = (
				B24649B81E9CC9D20079FF4D /* Debug */,
				B24649B91E9CC9D20079FF4D /* Release */,
			);
			defaultConfigurationIsVisible = 0;
			defaultConfigurationName = Release;
		};
		B24649BA1E9CC9D20079FF4D /* Build configuration list for PBXNativeTarget "StackView" */ = {
			isa = XCConfigurationList;
			buildConfigurations = (
				B24649BB1E9CC9D20079FF4D /* Debug */,
				B24649BC1E9CC9D20079FF4D /* Release */,
			);
			defaultConfigurationIsVisible = 0;
			defaultConfigurationName = Release;
		};
		B24649BD1E9CC9D20079FF4D /* Build configuration list for PBXNativeTarget "StackViewTests" */ = {
			isa = XCConfigurationList;
			buildConfigurations = (
				B24649BE1E9CC9D20079FF4D /* Debug */,
				B24649BF1E9CC9D20079FF4D /* Release */,
			);
			defaultConfigurationIsVisible = 0;
			defaultConfigurationName = Release;
		};
		B24649C01E9CC9D20079FF4D /* Build configuration list for PBXNativeTarget "StackViewUITests" */ = {
			isa = XCConfigurationList;
			buildConfigurations = (
				B24649C11E9CC9D20079FF4D /* Debug */,
				B24649C21E9CC9D20079FF4D /* Release */,
			);
			defaultConfigurationIsVisible = 0;
			defaultConfigurationName = Release;
		};
/* End XCConfigurationList section */
	};
	rootObject = B24649851E9CC9D20079FF4D /* Project object */;
}
